
Microsoft Visual Studio Solution File, Format Version 12.00
# Visual Studio Version 17
VisualStudioVersion = 17.5.33502.453
MinimumVisualStudioVersion = 10.0.40219.1
Project("{FAE04EC0-301F-11D3-BF4B-00C04F79EFBC}") = "ProductAPI", "ProductAPI\ProductAPI.csproj", "{CC5A1269-35C8-4CFF-ACC5-CA417634E454}"
EndProject
Global
	GlobalSection(SolutionConfigurationPlatforms) = preSolution
		Debug|Any CPU = Debug|Any CPU
		Release|Any CPU = Release|Any CPU
	EndGlobalSection
	GlobalSection(ProjectConfigurationPlatforms) = postSolution
		{CC5A1269-35C8-4CFF-ACC5-CA417634E454}.Debug|Any CPU.ActiveCfg = Debug|Any CPU
		{CC5A1269-35C8-4CFF-ACC5-CA417634E454}.Debug|Any CPU.Build.0 = Debug|Any CPU
		{CC5A1269-35C8-4CFF-ACC5-CA417634E454}.Release|Any CPU.ActiveCfg = Release|Any CPU
		{CC5A1269-35C8-4CFF-ACC5-CA417634E454}.Release|Any CPU.Build.0 = Release|Any CPU
	EndGlobalSection
	GlobalSection(SolutionProperties) = preSolution
		HideSolutionNode = FALSE
	EndGlobalSection
	GlobalSection(ExtensibilityGlobals) = postSolution
		SolutionGuid = {6ABEB88C-CC80-46CC-87FF-53655642CA99}
	EndGlobalSection
EndGlobal
